github.com/caarlos0/env v3.2.0+incompatible h1:47SrI1EMf4OwTL8DaHmjVU/A/hmoUeu8L9FQQRXknsQ=
github.com/caarlos0/env v3.2.0+incompatible/go.mod h1:tdCsowwCzMLdkqRYDlHpZCp2UooDD3MspDBjZ2AD02Y=
github.com/cjoudrey/gluahttp v0.0.0-20161028104506-b4bfe0c50fea h1:iCaXYAUf9iatN39UadJvkjNdxIMEEauPWCkIRBkF+g8=
github.com/cjoudrey/gluahttp v0.0.0-20161028104506-b4bfe0c50fea/go.mod h1:X97UjDTXp+7bayQSFZk2hPvCTmTZIicUjZQRtkwgAKY=
github.com/davecgh/go-spew v1.1.1 h1:vj9j/u1bqnvCEfJOwUhtlOARqs3+rkHYY13jYWTU97c=
github.com/davecgh/go-spew v1.1.1/go.mod h1:J7Y8YcW2NihsgmVo/mv3lAwl/skON4iLHjSsI+c5H38=
github.com/go-chi/chi v3.3.3+incompatible h1:KHkmBEMNkwKuK4FdQL7N2wOeB9jnIx7jR5wsuSBEFI8=
github.com/go-chi/chi v3.3.3+incompatible/go.mod h1:eB3wogJHnLi3x/kFX2A+IbTBlXxmMeXJVKy9tTv1XzQ=
github.com/go-chi/render v1.0.1 h1:4/5tis2cKaNdnv9zFLfXzcquC9HbeZgCnxGnKrltBS8=
github.com/go-chi/render v1.0.1/go.mod h1:pq4Rr7HbnsdaeHagklXub+p6Wd16Af5l9koip1OvJns=
github.com/pmezard/go-difflib v1.0.0 h1:4DBwDE0NGyQoBHbLQYPwSUPoCMWR5BEzIk/f1lZbAQM=
github.com/pmezard/go-difflib v1.0.0/go.mod h1:iKH77koFhYxTK1pcRnkKkqfTogsbg7gZNVY4sRDYZ/4=
github.com/stretchr/testify v1.2.2 h1:bSDNvY7ZPG5RlJ8otE/7V6gMiyenm9RtJ7IUVIAoJ1w=
github.com/stretchr/testify v1.2.2/go.mod h1:a8OnRcib4nhh0OaRAV+Yts87kKdq0PP7pXfy6kDkUVs=
github.com/yuin/gopher-lua v0.0.0-20171229012508-478861c8ce6e h1:I64jpJ4Ue09JMEyHl8C9Q53uC8Pamqwh5TR/m07dYRM=
github.com/yuin/gopher-lua v0.0.0-20171229012508-478861c8ce6e/go.mod h1:aEV29XrmTYFr3CiRxZeGHpkvbwq+prZduBqMaascyCU=
layeh.com/gopher-json v0.0.0-20180720235322-d0a7d8b4c69a h1:zRlE4bRijll0fo07VoGnWLvM2LMXzOHbcD/3jEIadAE=
layeh.com/gopher-json v0.0.0-20180720235322-d0a7d8b4c69a/go.mod h1:ivKkcY8Zxw5ba0jldhZCYYQfGdb2K6u9tbYK1AwMIBc=
