# This file is autogenerated, do not edit; changes may be undone by the next 'dep ensure'.


[[projects]]
  name = "github.com/caarlos0/env"
  packages = ["."]
  revision = "9de094f90fa8a13dc162e10ae8a3b95c0c2c33e1"
  version = "v3.1.1"

[[projects]]
  branch = "master"
  name = "github.com/yuin/gopher-lua"
  packages = [".","ast","parse","pm"]
  revision = "609c9cd2697344dec90fe0543c6493e3b8da3435"

[solve-meta]
  analyzer-name = "dep"
  analyzer-version = 1
  inputs-digest = "858b14b4cf98276f5d918706036d6a27f53029600752574139664b9f6b61e366"
  solver-name = "gps-cdcl"
  solver-version = 1
